{
  "name": "icey-docs",
  "lockfileVersion": 3,
  "requires": true,
  "packages": {
    "": {
      "name": "icey-docs",
      "dependencies": {
        "sourcey": "file:../../../sourcey/sourcey/oss"
      },
      "devDependencies": {
        "moxygen": "file:../../../sourcey/sourcey/engines/moxygen"
      }
    },
    "../../../sourcey/sourcey/engines/moxygen": {
      "version": "2.1.8",
      "dev": true,
      "license": "MIT",
      "dependencies": {
        "commander": "^13.1.0",
        "handlebars": "^4.7.9",
        "xml2js": "^0.6.2"
      },
      "bin": {
        "moxygen": "dist/cli.js"
      },
      "devDependencies": {
        "@types/node": "^20.17.0",
        "@types/xml2js": "^0.4.14",
        "sourcey": "file:../sourcey",
        "typescript": "^5.7.0",
        "vitest": "^3.0.0"
      },
      "engines": {
        "node": ">=20"
      }
    },
    "../../../sourcey/sourcey/oss": {
      "name": "sourcey",
      "version": "3.6.0",
      "license": "AGPL-3.0-only",
      "dependencies": {
        "@apidevtools/json-schema-ref-parser": "^13.0.5",
        "@preact/preset-vite": "^2.10.4",
        "@readme/openapi-parser": "^4.0.0",
        "@resvg/resvg-js": "^2.6.2",
        "@tailwindcss/typography": "^0.5.19",
        "@tailwindcss/vite": "^4.2.2",
        "citty": "^0.1.6",
        "heroicons": "^2.2.0",
        "jiti": "^2.6.1",
        "js-yaml": "^4.1.0",
        "marked": "^15.0.0",
        "mcp-parser": "^0.4.0",
        "moxygen": "file:../engines/moxygen",
        "preact": "^10.28.4",
        "preact-render-to-string": "^6.6.6",
        "satori": "^0.26.0",
        "shiki": "^4.0.2",
        "swagger2openapi": "^7.0.8",
        "tailwindcss": "^4.2.2",
        "vite": "^8.0.9"
      },
      "bin": {
        "sourcey": "dist/cli.js"
      },
      "devDependencies": {
        "@types/js-yaml": "^4.0.9",
        "@types/node": "^22.19.15",
        "eslint": "^9.0.0",
        "eslint-config-prettier": "^10.0.0",
        "prettier": "^3.4.0",
        "typescript": "^5.7.0",
        "typescript-eslint": "^8.0.0",
        "vitest": "^3.0.0"
      },
      "engines": {
        "node": ">=20"
      },
      "funding": {
        "url": "https://sourcey.com"
      }
    },
    "node_modules/moxygen": {
      "resolved": "../../../sourcey/sourcey/engines/moxygen",
      "link": true
    },
    "node_modules/sourcey": {
      "resolved": "../../../sourcey/sourcey/oss",
      "link": true
    }
  }
}
